
Microsoft Visual Studio Solution File, Format Version 12.00
# Visual Studio 15
VisualStudioVersion = 15.0.28307.438
MinimumVisualStudioVersion = 10.0.40219.1
Project("{FAE04EC0-301F-11D3-BF4B-00C04F79EFBC}") = "SampleConApp", "SampleConApp\SampleConApp.csproj", "{3A586199-7F05-4525-BCAC-5A3AF8163461}"
EndProject
Global
	GlobalSection(SolutionConfigurationPlatforms) = preSolution
		Debug|Any CPU = Debug|Any CPU
		Release|Any CPU = Release|Any CPU
	EndGlobalSection
	GlobalSection(ProjectConfigurationPlatforms) = postSolution
		{3A586199-7F05-4525-BCAC-5A3AF8163461}.Debug|Any CPU.ActiveCfg = Debug|Any CPU
		{3A586199-7F05-4525-BCAC-5A3AF8163461}.Debug|Any CPU.Build.0 = Debug|Any CPU
		{3A586199-7F05-4525-BCAC-5A3AF8163461}.Release|Any CPU.ActiveCfg = Release|Any CPU
		{3A586199-7F05-4525-BCAC-5A3AF8163461}.Release|Any CPU.Build.0 = Release|Any CPU
	EndGlobalSection
	GlobalSection(SolutionProperties) = preSolution
		HideSolutionNode = FALSE
	EndGlobalSection
	GlobalSection(ExtensibilityGlobals) = postSolution
		SolutionGuid = {8A94F8D2-E917-42FE-88E6-C2AF05CAA574}
	EndGlobalSection
EndGlobal
